
Microsoft Visual Studio Solution File, Format Version 12.00
# Visual Studio 2013
VisualStudioVersion = 12.0.40629.0
MinimumVisualStudioVersion = 10.0.40219.1
Project("{FAE04EC0-301F-11D3-BF4B-00C04F79EFBC}") = "KZReversiGUI", "KZreversiGUI\KZReversiGUI.csproj", "{337119D3-B174-4A9E-9ECD-D4229467B049}"
EndProject
Project("{8BC9CEB8-8B4A-11D0-8D11-00A0C91BC942}") = "KzAI_DLL", "KzAI_DLL\KzAI_DLL.vcxproj", "{FA6B4C25-DD80-4AA7-AC41-10D4B7790A66}"
EndProject
Global
	GlobalSection(SolutionConfigurationPlatforms) = preSolution
		Debug|Mixed Platforms = Debug|Mixed Platforms
		Debug|Win32 = Debug|Win32
		Debug|x86 = Debug|x86
		Release|Mixed Platforms = Release|Mixed Platforms
		Release|Win32 = Release|Win32
		Release|x86 = Release|x86
	EndGlobalSection
	GlobalSection(ProjectConfigurationPlatforms) = postSolution
		{337119D3-B174-4A9E-9ECD-D4229467B049}.Debug|Mixed Platforms.ActiveCfg = Debug|x86
		{337119D3-B174-4A9E-9ECD-D4229467B049}.Debug|Mixed Platforms.Build.0 = Debug|x86
		{337119D3-B174-4A9E-9ECD-D4229467B049}.Debug|Win32.ActiveCfg = Debug|x86
		{337119D3-B174-4A9E-9ECD-D4229467B049}.Debug|Win32.Build.0 = Debug|x86
		{337119D3-B174-4A9E-9ECD-D4229467B049}.Debug|x86.ActiveCfg = Debug|x86
		{337119D3-B174-4A9E-9ECD-D4229467B049}.Debug|x86.Build.0 = Debug|x86
		{337119D3-B174-4A9E-9ECD-D4229467B049}.Release|Mixed Platforms.ActiveCfg = Release|x86
		{337119D3-B174-4A9E-9ECD-D4229467B049}.Release|Mixed Platforms.Build.0 = Release|x86
		{337119D3-B174-4A9E-9ECD-D4229467B049}.Release|Win32.ActiveCfg = Release|x86
		{337119D3-B174-4A9E-9ECD-D4229467B049}.Release|Win32.Build.0 = Release|x86
		{337119D3-B174-4A9E-9ECD-D4229467B049}.Release|x86.ActiveCfg = Release|x86
		{337119D3-B174-4A9E-9ECD-D4229467B049}.Release|x86.Build.0 = Release|x86
		{FA6B4C25-DD80-4AA7-AC41-10D4B7790A66}.Debug|Mixed Platforms.ActiveCfg = Debug|Win32
		{FA6B4C25-DD80-4AA7-AC41-10D4B7790A66}.Debug|Mixed Platforms.Build.0 = Debug|Win32
		{FA6B4C25-DD80-4AA7-AC41-10D4B7790A66}.Debug|Win32.ActiveCfg = Debug|Win32
		{FA6B4C25-DD80-4AA7-AC41-10D4B7790A66}.Debug|Win32.Build.0 = Debug|Win32
		{FA6B4C25-DD80-4AA7-AC41-10D4B7790A66}.Debug|x86.ActiveCfg = Debug|Win32
		{FA6B4C25-DD80-4AA7-AC41-10D4B7790A66}.Debug|x86.Build.0 = Debug|Win32
		{FA6B4C25-DD80-4AA7-AC41-10D4B7790A66}.Release|Mixed Platforms.ActiveCfg = Release|Win32
		{FA6B4C25-DD80-4AA7-AC41-10D4B7790A66}.Release|Mixed Platforms.Build.0 = Release|Win32
		{FA6B4C25-DD80-4AA7-AC41-10D4B7790A66}.Release|Win32.ActiveCfg = Release|Win32
		{FA6B4C25-DD80-4AA7-AC41-10D4B7790A66}.Release|Win32.Build.0 = Release|Win32
		{FA6B4C25-DD80-4AA7-AC41-10D4B7790A66}.Release|x86.ActiveCfg = Release|Win32
		{FA6B4C25-DD80-4AA7-AC41-10D4B7790A66}.Release|x86.Build.0 = Release|Win32
	EndGlobalSection
	GlobalSection(SolutionProperties) = preSolution
		HideSolutionNode = FALSE
	EndGlobalSection
EndGlobal
